<?xml version="1.0" encoding="utf-8"?>
<Project ToolsVersion="4.0" xmlns="http://schemas.microsoft.com/developer/msbuild/2003">
  <ItemGroup>
    <Filter Include="Source Files">
      <UniqueIdentifier>{4FC737F1-C7A5-4376-A066-2A32D752A2FF}</UniqueIdentifier>
      <Extensions>cpp;c;cc;cxx;c++;cppm;ixx;def;odl;idl;hpj;bat;asm;asmx</Extensions>
    </Filter>
    <Filter Include="Header Files">
      <UniqueIdentifier>{93995380-89BD-4b04-88EB-625FBE52EBFB}</UniqueIdentifier>
      <Extensions>h;hh;hpp;hxx;h++;hm;inl;inc;ipp;xsd</Extensions>
    </Filter>
    <Filter Include="Resource">
      <UniqueIdentifier>{67DA6AB6-F800-4c08-8B7A-83BB121AAD01}</UniqueIdentifier>
      <Extensions>rc;ico;cur;bmp;dlg;rc2;rct;bin;rgs;gif;jpg;jpeg;jpe;resx;tiff;tif;png;wav;mfcribbon-ms</Extensions>
    </Filter>
    <Filter Include="Resource\Shader">
      <UniqueIdentifier>{be2da278-09af-4ae8-ab88-48dc997a9874}</UniqueIdentifier>
    </Filter>
    <Filter Include="Resource\Materials">
      <UniqueIdentifier>{9aeefd3e-8f73-4db6-83e8-7f6b53febb37}</UniqueIdentifier>
    </Filter>
    <Filter Include="Resource\Scenes">
      <UniqueIdentifier>{1417965a-1e9a-49d8-8daa-29b565c562a0}</UniqueIdentifier>
    </Filter>
  </ItemGroup>
  <ItemGroup>
    <ClCompile Include="Main.cpp">
      <Filter>Source Files</Filter>
    </ClCompile>
    <ClCompile Include="..\ThirdParty\glad\src\glad.c">
      <Filter>Source Files</Filter>
    </ClCompile>
  </ItemGroup>
  <ItemGroup>
    <None Include="..\Build\resources\shaders\basic.frag">
      <Filter>Resource\Shader</Filter>
    </None>
    <None Include="..\Build\resources\shaders\basic.vert">
      <Filter>Resource\Shader</Filter>
    </None>
    <None Include="..\Build\resources\shaders\gouraud.frag">
      <Filter>Resource\Shader</Filter>
    </None>
    <None Include="..\Build\resources\shaders\gouraud.vert">
      <Filter>Resource\Shader</Filter>
    </None>
    <None Include="..\Build\resources\materials\spot.mtl">
      <Filter>Resource\Materials</Filter>
    </None>
    <None Include="..\Build\resources\materials\wood.mtl">
      <Filter>Resource\Materials</Filter>
    </None>
    <None Include="..\Build\resources\shaders\gouraud.shdr">
      <Filter>Resource\Shader</Filter>
    </None>
    <None Include="..\Build\resources\shaders\flat.frag">
      <Filter>Resource\Shader</Filter>
    </None>
    <None Include="..\Build\resources\shaders\flat.shdr">
      <Filter>Resource\Shader</Filter>
    </None>
    <None Include="..\Build\resources\shaders\flat.vert">
      <Filter>Resource\Shader</Filter>
    </None>
    <None Include="..\Build\resources\shaders\phong.frag">
      <Filter>Resource\Shader</Filter>
    </None>
    <None Include="..\Build\resources\shaders\phong.shdr">
      <Filter>Resource\Shader</Filter>
    </None>
    <None Include="..\Build\resources\shaders\phong.vert">
      <Filter>Resource\Shader</Filter>
    </None>
    <None Include="..\Build\resources\scenes\main.scn">
      <Filter>Resource\Scenes</Filter>
    </None>
    <None Include="..\Build\resources\materials\bricks.mtl">
      <Filter>Resource\Materials</Filter>
    </None>
    <None Include="..\Build\resources\shaders\phong_normal.frag">
      <Filter>Resource\Shader</Filter>
    </None>
    <None Include="..\Build\resources\shaders\phong_normal.shdr">
      <Filter>Resource\Shader</Filter>
    </None>
    <None Include="..\Build\resources\shaders\phong_normal.vert">
      <Filter>Resource\Shader</Filter>
    </None>
    <None Include="..\Build\resources\materials\ogre.mtl">
      <Filter>Resource\Materials</Filter>
    </None>
  </ItemGroup>
</Project>