
Microsoft Visual Studio Solution File, Format Version 12.00
# Visual Studio Version 16
VisualStudioVersion = 16.0.31829.152
MinimumVisualStudioVersion = 10.0.40219.1
Project("{8BC9CEB8-8B4A-11D0-8D11-00A0C91BC942}") = "Application", "Application\Application.vcxproj", "{A725707E-79C2-4ED4-9F9D-C55F07183DEC}"
EndProject
Project("{8BC9CEB8-8B4A-11D0-8D11-00A0C91BC942}") = "Engine", "Engine\Engine.vcxproj", "{CC5C2825-7230-4FAC-A14E-60A3D8EC6644}"
EndProject
Global
	GlobalSection(SolutionConfigurationPlatforms) = preSolution
		Debug|x64 = Debug|x64
		Debug|x86 = Debug|x86
		Release|x64 = Release|x64
		Release|x86 = Release|x86
	EndGlobalSection
	GlobalSection(ProjectConfigurationPlatforms) = postSolution
		{A725707E-79C2-4ED4-9F9D-C55F07183DEC}.Debug|x64.ActiveCfg = Debug|x64
		{A725707E-79C2-4ED4-9F9D-C55F07183DEC}.Debug|x64.Build.0 = Debug|x64
		{A725707E-79C2-4ED4-9F9D-C55F07183DEC}.Debug|x86.ActiveCfg = Debug|Win32
		{A725707E-79C2-4ED4-9F9D-C55F07183DEC}.Debug|x86.Build.0 = Debug|Win32
		{A725707E-79C2-4ED4-9F9D-C55F07183DEC}.Release|x64.ActiveCfg = Release|x64
		{A725707E-79C2-4ED4-9F9D-C55F07183DEC}.Release|x64.Build.0 = Release|x64
		{A725707E-79C2-4ED4-9F9D-C55F07183DEC}.Release|x86.ActiveCfg = Release|Win32
		{A725707E-79C2-4ED4-9F9D-C55F07183DEC}.Release|x86.Build.0 = Release|Win32
		{CC5C2825-7230-4FAC-A14E-60A3D8EC6644}.Debug|x64.ActiveCfg = Debug|x64
		{CC5C2825-7230-4FAC-A14E-60A3D8EC6644}.Debug|x64.Build.0 = Debug|x64
		{CC5C2825-7230-4FAC-A14E-60A3D8EC6644}.Debug|x86.ActiveCfg = Debug|Win32
		{CC5C2825-7230-4FAC-A14E-60A3D8EC6644}.Debug|x86.Build.0 = Debug|Win32
		{CC5C2825-7230-4FAC-A14E-60A3D8EC6644}.Release|x64.ActiveCfg = Release|x64
		{CC5C2825-7230-4FAC-A14E-60A3D8EC6644}.Release|x64.Build.0 = Release|x64
		{CC5C2825-7230-4FAC-A14E-60A3D8EC6644}.Release|x86.ActiveCfg = Release|Win32
		{CC5C2825-7230-4FAC-A14E-60A3D8EC6644}.Release|x86.Build.0 = Release|Win32
	EndGlobalSection
	GlobalSection(SolutionProperties) = preSolution
		HideSolutionNode = FALSE
	EndGlobalSection
	GlobalSection(ExtensibilityGlobals) = postSolution
		SolutionGuid = {FD78173D-6A2D-4AF8-80F1-35087B318FA9}
	EndGlobalSection
EndGlobal
